{
  "name": "elm-7guis",
  "lockfileVersion": 2,
  "requires": true,
  "packages": {
    "": {
      "name": "elm-7guis",
      "dependencies": {
        "elm-minify": "^2.0.4"
      },
      "devDependencies": {}
    },
    "node_modules/buffer-from": {
      "version": "1.1.1",
      "resolved": "https://registry.npmjs.org/buffer-from/-/buffer-from-1.1.1.tgz",
      "integrity": "sha512-MQcXEUbCKtEo7bhqEs6560Hyd4XaovZlO/k9V3hjVUF/zwW7KBVdSK4gIt/bzwS9MbR5qob+F5jusZsb0YQK2A=="
    },
    "node_modules/commander": {
      "version": "2.17.1",
      "resolved": "https://registry.npmjs.org/commander/-/commander-2.17.1.tgz",
      "integrity": "sha512-wPMUt6FnH2yzG95SA6mzjQOEKUU3aLaDEmzs1ti+1E9h+CsrZghRlqEM/EJ4KscsQVG8uNN4uVreUeT8+drlgg=="
    },
    "node_modules/elm-minify": {
      "version": "2.0.4",
      "resolved": "https://registry.npmjs.org/elm-minify/-/elm-minify-2.0.4.tgz",
      "integrity": "sha512-ccQqw+Wzn1vO+zQ+gkQ08YMrJ/ru9oGRJJ3OMGeMm3O+ra+P/3aORDLX4zDbhuZIaMVKTxgibkMrmCak8yl5Xw==",
      "deprecated": "please use google-closure-compiler instead",
      "dependencies": {
        "terser": "3.11.0",
        "webpack-sources": "1.3.0"
      },
      "bin": {
        "elm-minify": "bin/cli.js"
      }
    },
    "node_modules/source-list-map": {
      "version": "2.0.1",
      "resolved": "https://registry.npmjs.org/source-list-map/-/source-list-map-2.0.1.tgz",
      "integrity": "sha512-qnQ7gVMxGNxsiL4lEuJwe/To8UnK7fAnmbGEEH8RpLouuKbeEm0lhbQVFIrNSuB+G7tVrAlVsZgETT5nljf+Iw=="
    },
    "node_modules/source-map": {
      "version": "0.6.1",
      "resolved": "https://registry.npmjs.org/source-map/-/source-map-0.6.1.tgz",
      "integrity": "sha512-UjgapumWlbMhkBgzT7Ykc5YXUT46F0iKu8SGXq0bcwP5dz/h0Plj6enJqjz1Zbq2l5WaqYnrVbwWOWMyF3F47g==",
      "engines": {
        "node": ">=0.10.0"
      }
    },
    "node_modules/source-map-support": {
      "version": "0.5.10",
      "resolved": "https://registry.npmjs.org/source-map-support/-/source-map-support-0.5.10.tgz",
      "integrity": "sha512-YfQ3tQFTK/yzlGJuX8pTwa4tifQj4QS2Mj7UegOu8jAz59MqIiMGPXxQhVQiIMNzayuUSF/jEuVnfFF5JqybmQ==",
      "dependencies": {
        "buffer-from": "^1.0.0",
        "source-map": "^0.6.0"
      }
    },
    "node_modules/terser": {
      "version": "3.11.0",
      "resolved": "https://registry.npmjs.org/terser/-/terser-3.11.0.tgz",
      "integrity": "sha512-5iLMdhEPIq3zFWskpmbzmKwMQixKmTYwY3Ox9pjtSklBLnHiuQ0GKJLhL1HSYtyffHM3/lDIFBnb82m9D7ewwQ==",
      "dependencies": {
        "commander": "~2.17.1",
        "source-map": "~0.6.1",
        "source-map-support": "~0.5.6"
      },
      "bin": {
        "terser": "bin/uglifyjs"
      },
      "engines": {
        "node": ">=0.8.0"
      }
    },
    "node_modules/webpack-sources": {
      "version": "1.3.0",
      "resolved": "https://registry.npmjs.org/webpack-sources/-/webpack-sources-1.3.0.tgz",
      "integrity": "sha512-OiVgSrbGu7NEnEvQJJgdSFPl2qWKkWq5lHMhgiToIiN9w34EBnjYzSYs+VbL5KoYiLNtFFa7BZIKxRED3I32pA==",
      "dependencies": {
        "source-list-map": "^2.0.0",
        "source-map": "~0.6.1"
      }
    }
  },
  "dependencies": {
    "buffer-from": {
      "version": "1.1.1",
      "resolved": "https://registry.npmjs.org/buffer-from/-/buffer-from-1.1.1.tgz",
      "integrity": "sha512-MQcXEUbCKtEo7bhqEs6560Hyd4XaovZlO/k9V3hjVUF/zwW7KBVdSK4gIt/bzwS9MbR5qob+F5jusZsb0YQK2A=="
    },
    "commander": {
      "version": "2.17.1",
      "resolved": "https://registry.npmjs.org/commander/-/commander-2.17.1.tgz",
      "integrity": "sha512-wPMUt6FnH2yzG95SA6mzjQOEKUU3aLaDEmzs1ti+1E9h+CsrZghRlqEM/EJ4KscsQVG8uNN4uVreUeT8+drlgg=="
    },
    "elm-minify": {
      "version": "2.0.4",
      "resolved": "https://registry.npmjs.org/elm-minify/-/elm-minify-2.0.4.tgz",
      "integrity": "sha512-ccQqw+Wzn1vO+zQ+gkQ08YMrJ/ru9oGRJJ3OMGeMm3O+ra+P/3aORDLX4zDbhuZIaMVKTxgibkMrmCak8yl5Xw==",
      "requires": {
        "terser": "3.11.0",
        "webpack-sources": "1.3.0"
      }
    },
    "source-list-map": {
      "version": "2.0.1",
      "resolved": "https://registry.npmjs.org/source-list-map/-/source-list-map-2.0.1.tgz",
      "integrity": "sha512-qnQ7gVMxGNxsiL4lEuJwe/To8UnK7fAnmbGEEH8RpLouuKbeEm0lhbQVFIrNSuB+G7tVrAlVsZgETT5nljf+Iw=="
    },
    "source-map": {
      "version": "0.6.1",
      "resolved": "https://registry.npmjs.org/source-map/-/source-map-0.6.1.tgz",
      "integrity": "sha512-UjgapumWlbMhkBgzT7Ykc5YXUT46F0iKu8SGXq0bcwP5dz/h0Plj6enJqjz1Zbq2l5WaqYnrVbwWOWMyF3F47g=="
    },
    "source-map-support": {
      "version": "0.5.10",
      "resolved": "https://registry.npmjs.org/source-map-support/-/source-map-support-0.5.10.tgz",
      "integrity": "sha512-YfQ3tQFTK/yzlGJuX8pTwa4tifQj4QS2Mj7UegOu8jAz59MqIiMGPXxQhVQiIMNzayuUSF/jEuVnfFF5JqybmQ==",
      "requires": {
        "buffer-from": "^1.0.0",
        "source-map": "^0.6.0"
      }
    },
    "terser": {
      "version": "3.11.0",
      "resolved": "https://registry.npmjs.org/terser/-/terser-3.11.0.tgz",
      "integrity": "sha512-5iLMdhEPIq3zFWskpmbzmKwMQixKmTYwY3Ox9pjtSklBLnHiuQ0GKJLhL1HSYtyffHM3/lDIFBnb82m9D7ewwQ==",
      "requires": {
        "commander": "~2.17.1",
        "source-map": "~0.6.1",
        "source-map-support": "~0.5.6"
      }
    },
    "webpack-sources": {
      "version": "1.3.0",
      "resolved": "https://registry.npmjs.org/webpack-sources/-/webpack-sources-1.3.0.tgz",
      "integrity": "sha512-OiVgSrbGu7NEnEvQJJgdSFPl2qWKkWq5lHMhgiToIiN9w34EBnjYzSYs+VbL5KoYiLNtFFa7BZIKxRED3I32pA==",
      "requires": {
        "source-list-map": "^2.0.0",
        "source-map": "~0.6.1"
      }
    }
  }
}
